// !$*UTF8*$!
{
	archiveVersion = 1;
	classes = {
	};
	objectVersion = 56;
	objects = {

/* Begin PBXBuildFile section */
		3782DAC52C04DF6E00DFDEA3 /* UI_practicApp.swift in Sources */ = {isa = PBXBuildFile; fileRef = 3782DAC42C04DF6E00DFDEA3 /* UI_practicApp.swift */; };
		3782DAC72C04DF6E00DFDEA3 /* ContentView.swift in Sources */ = {isa = PBXBuildFile; fileRef = 3782DAC62C04DF6E00DFDEA3 /* ContentView.swift */; };
		3782DAC92C04DF6F00DFDEA3 /* Assets.xcassets in Resources */ = {isa = PBXBuildFile; fileRef = 3782DAC82C04DF6F00DFDEA3 /* Assets.xcassets */; };
		3782DACC2C04DF6F00DFDEA3 /* Preview Assets.xcassets in Resources */ = {isa = PBXBuildFile; fileRef = 3782DACB2C04DF6F00DFDEA3 /* Preview Assets.xcassets */; };
		3782DAD62C04DF6F00DFDEA3 /* UI_practicTests.swift in Sources */ = {isa = PBXBuildFile; fileRef = 3782DAD52C04DF6F00DFDEA3 /* UI_practicTests.swift */; };
		3782DAE02C04DF6F00DFDEA3 /* UI_practicUITests.swift in Sources */ = {isa = PBXBuildFile; fileRef = 3782DADF2C04DF6F00DFDEA3 /* UI_practicUITests.swift */; };
		3782DAE22C04DF6F00DFDEA3 /* UI_practicUITestsLaunchTests.swift in Sources */ = {isa = PBXBuildFile; fileRef = 3782DAE12C04DF6F00DFDEA3 /* UI_practicUITestsLaunchTests.swift */; };
/* End PBXBuildFile section */

/* Begin PBXContainerItemProxy section */
		3782DAD22C04DF6F00DFDEA3 /* PBXContainerItemProxy */ = {
			isa = PBXContainerItemProxy;
			containerPortal = 3782DAB92C04DF6E00DFDEA3 /* Project object */;
			proxyType = 1;
			remoteGlobalIDString = 3782DAC02C04DF6E00DFDEA3;
			remoteInfo = "UI practic";
		};
		3782DADC2C04DF6F00DFDEA3 /* PBXContainerItemProxy */ = {
			isa = PBXContainerItemProxy;
			containerPortal = 3782DAB92C04DF6E00DFDEA3 /* Project object */;
			proxyType = 1;
			remoteGlobalIDString = 3782DAC02C04DF6E00DFDEA3;
			remoteInfo = "UI practic";
		};
/* End PBXContainerItemProxy section */

/* Begin PBXFileReference section */
		3782DAC12C04DF6E00DFDEA3 /* UI practic.app */ = {isa = PBXFileReference; explicitFileType = wrapper.application; includeInIndex = 0; path = "UI practic.app"; sourceTree = BUILT_PRODUCTS_DIR; };
		3782DAC42C04DF6E00DFDEA3 /* UI_practicApp.swift */ = {isa = PBXFileReference; lastKnownFileType = sourcecode.swift; path = UI_practicApp.swift; sourceTree = "<group>"; };
		3782DAC62C04DF6E00DFDEA3 /* ContentView.swift */ = {isa = PBXFileReference; lastKnownFileType = sourcecode.swift; path = ContentView.swift; sourceTree = "<group>"; };
		3782DAC82C04DF6F00DFDEA3 /* Assets.xcassets */ = {isa = PBXFileReference; lastKnownFileType = folder.assetcatalog; path = Assets.xcassets; sourceTree = "<group>"; };
		3782DACB2C04DF6F00DFDEA3 /* Preview Assets.xcassets */ = {isa = PBXFileReference; lastKnownFileType = folder.assetcatalog; path = "Preview Assets.xcassets"; sourceTree = "<group>"; };
		3782DAD12C04DF6F00DFDEA3 /* UI practicTests.xctest */ = {isa = PBXFileReference; explicitFileType = wrapper.cfbundle; includeInIndex = 0; path = "UI practicTests.xctest"; sourceTree = BUILT_PRODUCTS_DIR; };
		3782DAD52C04DF6F00DFDEA3 /* UI_practicTests.swift */ = {isa = PBXFileReference; lastKnownFileType = sourcecode.swift; path = UI_practicTests.swift; sourceTree = "<group>"; };
		3782DADB2C04DF6F00DFDEA3 /* UI practicUITests.xctest */ = {isa = PBXFileReference; explicitFileType = wrapper.cfbundle; includeInIndex = 0; path = "UI practicUITests.xctest"; sourceTree = BUILT_PRODUCTS_DIR; };
		3782DADF2C04DF6F00DFDEA3 /* UI_practicUITests.swift */ = {isa = PBXFileReference; lastKnownFileType = sourcecode.swift; path = UI_practicUITests.swift; sourceTree = "<group>"; };
		3782DAE12C04DF6F00DFDEA3 /* UI_practicUITestsLaunchTests.swift */ = {isa = PBXFileReference; lastKnownFileType = sourcecode.swift; path = UI_practicUITestsLaunchTests.swift; sourceTree = "<group>"; };
/* End PBXFileReference section */

/* Begin PBXFrameworksBuildPhase section */
		3782DABE2C04DF6E00DFDEA3 /* Frameworks */ = {
			isa = PBXFrameworksBuildPhase;
			buildActionMask = 2147483647;
			files = (
			);
			runOnlyForDeploymentPostprocessing = 0;
		};
		3782DACE2C04DF6F00DFDEA3 /* Frameworks */ = {
			isa = PBXFrameworksBuildPhase;
			buildActionMask = 2147483647;
			files = (
			);
			runOnlyForDeploymentPostprocessing = 0;
		};
		3782DAD82C04DF6F00DFDEA3 /* Frameworks */ = {
			isa = PBXFrameworksBuildPhase;
			buildActionMask = 2147483647;
			files = (
			);
			runOnlyForDeploymentPostprocessing = 0;
		};
/* End PBXFrameworksBuildPhase section */

/* Begin PBXGroup section */
		3782DAB82C04DF6E00DFDEA3 = {
			isa = PBXGroup;
			children = (
				3782DAC32C04DF6E00DFDEA3 /* UI practic */,
				3782DAD42C04DF6F00DFDEA3 /* UI practicTests */,
				3782DADE2C04DF6F00DFDEA3 /* UI practicUITests */,
				3782DAC22C04DF6E00DFDEA3 /* Products */,
			);
			sourceTree = "<group>";
		};
		3782DAC22C04DF6E00DFDEA3 /* Products */ = {
			isa = PBXGroup;
			children = (
				3782DAC12C04DF6E00DFDEA3 /* UI practic.app */,
				3782DAD12C04DF6F00DFDEA3 /* UI practicTests.xctest */,
				3782DADB2C04DF6F00DFDEA3 /* UI practicUITests.xctest */,
			);
			name = Products;
			sourceTree = "<group>";
		};
		3782DAC32C04DF6E00DFDEA3 /* UI practic */ = {
			isa = PBXGroup;
			children = (
				3782DAC42C04DF6E00DFDEA3 /* UI_practicApp.swift */,
				3782DAC62C04DF6E00DFDEA3 /* ContentView.swift */,
				3782DAC82C04DF6F00DFDEA3 /* Assets.xcassets */,
				3782DACA2C04DF6F00DFDEA3 /* Preview Content */,
			);
			path = "UI practic";
			sourceTree = "<group>";
		};
		3782DACA2C04DF6F00DFDEA3 /* Preview Content */ = {
			isa = PBXGroup;
			children = (
				3782DACB2C04DF6F00DFDEA3 /* Preview Assets.xcassets */,
			);
			path = "Preview Content";
			sourceTree = "<group>";
		};
		3782DAD42C04DF6F00DFDEA3 /* UI practicTests */ = {
			isa = PBXGroup;
			children = (
				3782DAD52C04DF6F00DFDEA3 /* UI_practicTests.swift */,
			);
			path = "UI practicTests";
			sourceTree = "<group>";
		};
		3782DADE2C04DF6F00DFDEA3 /* UI practicUITests */ = {
			isa = PBXGroup;
			children = (
				3782DADF2C04DF6F00DFDEA3 /* UI_practicUITests.swift */,
				3782DAE12C04DF6F00DFDEA3 /* UI_practicUITestsLaunchTests.swift */,
			);
			path = "UI practicUITests";
			sourceTree = "<group>";
		};
/* End PBXGroup section */

/* Begin PBXNativeTarget section */
		3782DAC02C04DF6E00DFDEA3 /* UI practic */ = {
			isa = PBXNativeTarget;
			buildConfigurationList = 3782DAE52C04DF6F00DFDEA3 /* Build configuration list for PBXNativeTarget "UI practic" */;
			buildPhases = (
				3782DABD2C04DF6E00DFDEA3 /* Sources */,
				3782DABE2C04DF6E00DFDEA3 /* Frameworks */,
				3782DABF2C04DF6E00DFDEA3 /* Resources */,
			);
			buildRules = (
			);
			dependencies = (
			);
			name = "UI practic";
			productName = "UI practic";
			productReference = 3782DAC12C04DF6E00DFDEA3 /* UI practic.app */;
			productType = "com.apple.product-type.application";
		};
		3782DAD02C04DF6F00DFDEA3 /* UI practicTests */ = {
			isa = PBXNativeTarget;
			buildConfigurationList = 3782DAE82C04DF6F00DFDEA3 /* Build configuration list for PBXNativeTarget "UI practicTests" */;
			buildPhases = (
				3782DACD2C04DF6F00DFDEA3 /* Sources */,
				3782DACE2C04DF6F00DFDEA3 /* Frameworks */,
				3782DACF2C04DF6F00DFDEA3 /* Resources */,
			);
			buildRules = (
			);
			dependencies = (
				3782DAD32C04DF6F00DFDEA3 /* PBXTargetDependency */,
			);
			name = "UI practicTests";
			productName = "UI practicTests";
			productReference = 3782DAD12C04DF6F00DFDEA3 /* UI practicTests.xctest */;
			productType = "com.apple.product-type.bundle.unit-test";
		};
		3782DADA2C04DF6F00DFDEA3 /* UI practicUITests */ = {
			isa = PBXNativeTarget;
			buildConfigurationList = 3782DAEB2C04DF6F00DFDEA3 /* Build configuration list for PBXNativeTarget "UI practicUITests" */;
			buildPhases = (
				3782DAD72C04DF6F00DFDEA3 /* Sources */,
				3782DAD82C04DF6F00DFDEA3 /* Frameworks */,
				3782DAD92C04DF6F00DFDEA3 /* Resources */,
			);
			buildRules = (
			);
			dependencies = (
				3782DADD2C04DF6F00DFDEA3 /* PBXTargetDependency */,
			);
			name = "UI practicUITests";
			productName = "UI practicUITests";
			productReference = 3782DADB2C04DF6F00DFDEA3 /* UI practicUITests.xctest */;
			productType = "com.apple.product-type.bundle.ui-testing";
		};
/* End PBXNativeTarget section */

/* Begin PBXProject section */
		3782DAB92C04DF6E00DFDEA3 /* Project object */ = {
			isa = PBXProject;
			attributes = {
				BuildIndependentTargetsInParallel = 1;
				LastSwiftUpdateCheck = 1500;
				LastUpgradeCheck = 1500;
				TargetAttributes = {
					3782DAC02C04DF6E00DFDEA3 = {
						CreatedOnToolsVersion = 15.0.1;
					};
					3782DAD02C04DF6F00DFDEA3 = {
						CreatedOnToolsVersion = 15.0.1;
						TestTargetID = 3782DAC02C04DF6E00DFDEA3;
					};
					3782DADA2C04DF6F00DFDEA3 = {
						CreatedOnToolsVersion = 15.0.1;
						TestTargetID = 3782DAC02C04DF6E00DFDEA3;
					};
				};
			};
			buildConfigurationList = 3782DABC2C04DF6E00DFDEA3 /* Build configuration list for PBXProject "UI practic" */;
			compatibilityVersion = "Xcode 14.0";
			developmentRegion = en;
			hasScannedForEncodings = 0;
			knownRegions = (
				en,
				Base,
			);
			mainGroup = 3782DAB82C04DF6E00DFDEA3;
			productRefGroup = 3782DAC22C04DF6E00DFDEA3 /* Products */;
			projectDirPath = "";
			projectRoot = "";
			targets = (
				3782DAC02C04DF6E00DFDEA3 /* UI practic */,
				3782DAD02C04DF6F00DFDEA3 /* UI practicTests */,
				3782DADA2C04DF6F00DFDEA3 /* UI practicUITests */,
			);
		};
/* End PBXProject section */

/* Begin PBXResourcesBuildPhase section */
		3782DABF2C04DF6E00DFDEA3 /* Resources */ = {
			isa = PBXResourcesBuildPhase;
			buildActionMask = 2147483647;
			files = (
				3782DACC2C04DF6F00DFDEA3 /* Preview Assets.xcassets in Resources */,
				3782DAC92C04DF6F00DFDEA3 /* Assets.xcassets in Resources */,
			);
			runOnlyForDeploymentPostprocessing = 0;
		};
		3782DACF2C04DF6F00DFDEA3 /* Resources */ = {
			isa = PBXResourcesBuildPhase;
			buildActionMask = 2147483647;
			files = (
			);
			runOnlyForDeploymentPostprocessing = 0;
		};
		3782DAD92C04DF6F00DFDEA3 /* Resources */ = {
			isa = PBXResourcesBuildPhase;
			buildActionMask = 2147483647;
			files = (
			);
			runOnlyForDeploymentPostprocessing = 0;
		};
/* End PBXResourcesBuildPhase section */

/* Begin PBXSourcesBuildPhase section */
		3782DABD2C04DF6E00DFDEA3 /* Sources */ = {
			isa = PBXSourcesBuildPhase;
			buildActionMask = 2147483647;
			files = (
				3782DAC72C04DF6E00DFDEA3 /* ContentView.swift in Sources */,
				3782DAC52C04DF6E00DFDEA3 /* UI_practicApp.swift in Sources */,
			);
			runOnlyForDeploymentPostprocessing = 0;
		};
		3782DACD2C04DF6F00DFDEA3 /* Sources */ = {
			isa = PBXSourcesBuildPhase;
			buildActionMask = 2147483647;
			files = (
				3782DAD62C04DF6F00DFDEA3 /* UI_practicTests.swift in Sources */,
			);
			runOnlyForDeploymentPostprocessing = 0;
		};
		3782DAD72C04DF6F00DFDEA3 /* Sources */ = {
			isa = PBXSourcesBuildPhase;
			buildActionMask = 2147483647;
			files = (
				3782DAE02C04DF6F00DFDEA3 /* UI_practicUITests.swift in Sources */,
				3782DAE22C04DF6F00DFDEA3 /* UI_practicUITestsLaunchTests.swift in Sources */,
			);
			runOnlyForDeploymentPostprocessing = 0;
		};
/* End PBXSourcesBuildPhase section */

/* Begin PBXTargetDependency section */
		3782DAD32C04DF6F00DFDEA3 /* PBXTargetDependency */ = {
			isa = PBXTargetDependency;
			target = 3782DAC02C04DF6E00DFDEA3 /* UI practic */;
			targetProxy = 3782DAD22C04DF6F00DFDEA3 /* PBXContainerItemProxy */;
		};
		3782DADD2C04DF6F00DFDEA3 /* PBXTargetDependency */ = {
			isa = PBXTargetDependency;
			target = 3782DAC02C04DF6E00DFDEA3 /* UI practic */;
			targetProxy = 3782DADC2C04DF6F00DFDEA3 /* PBXContainerItemProxy */;
		};
/* End PBXTargetDependency section */

/* Begin XCBuildConfiguration section */
		3782DAE32C04DF6F00DFDEA3 /* Debug */ = {
			isa = XCBuildConfiguration;
			buildSettings = {
				ALWAYS_SEARCH_USER_PATHS = NO;
				ASSETCATALOG_COMPILER_GENERATE_SWIFT_ASSET_SYMBOL_EXTENSIONS = YES;
				CLANG_ANALYZER_NONNULL = YES;
				CLANG_ANALYZER_NUMBER_OBJECT_CONVERSION = YES_AGGRESSIVE;
				CLANG_CXX_LANGUAGE_STANDARD = "gnu++20";
				CLANG_ENABLE_MODULES = YES;
				CLANG_ENABLE_OBJC_ARC = YES;
				CLANG_ENABLE_OBJC_WEAK = YES;
				CLANG_WARN_BLOCK_CAPTURE_AUTORELEASING = YES;
				CLANG_WARN_BOOL_CONVERSION = YES;
				CLANG_WARN_COMMA = YES;
				CLANG_WARN_CONSTANT_CONVERSION = YES;
				CLANG_WARN_DEPRECATED_OBJC_IMPLEMENTATIONS = YES;
				CLANG_WARN_DIRECT_OBJC_ISA_USAGE = YES_ERROR;
				CLANG_WARN_DOCUMENTATION_COMMENTS = YES;
				CLANG_WARN_EMPTY_BODY = YES;
				CLANG_WARN_ENUM_CONVERSION = YES;
				CLANG_WARN_INFINITE_RECURSION = YES;
				CLANG_WARN_INT_CONVERSION = YES;
				CLANG_WARN_NON_LITERAL_NULL_CONVERSION = YES;
				CLANG_WARN_OBJC_IMPLICIT_RETAIN_SELF = YES;
				CLANG_WARN_OBJC_LITERAL_CONVERSION = YES;
				CLANG_WARN_OBJC_ROOT_CLASS = YES_ERROR;
				CLANG_WARN_QUOTED_INCLUDE_IN_FRAMEWORK_HEADER = YES;
				CLANG_WARN_RANGE_LOOP_ANALYSIS = YES;
				CLANG_WARN_STRICT_PROTOTYPES = YES;
				CLANG_WARN_SUSPICIOUS_MOVE = YES;
				CLANG_WARN_UNGUARDED_AVAILABILITY = YES_AGGRESSIVE;
				CLANG_WARN_UNREACHABLE_CODE = YES;
				CLANG_WARN__DUPLICATE_METHOD_MATCH = YES;
				COPY_PHASE_STRIP = NO;
				DEBUG_INFORMATION_FORMAT = dwarf;
				ENABLE_STRICT_OBJC_MSGSEND = YES;
				ENABLE_TESTABILITY = YES;
				ENABLE_USER_SCRIPT_SANDBOXING = YES;
				GCC_C_LANGUAGE_STANDARD = gnu17;
				GCC_DYNAMIC_NO_PIC = NO;
				GCC_NO_COMMON_BLOCKS = YES;
				GCC_OPTIMIZATION_LEVEL = 0;
				GCC_PREPROCESSOR_DEFINITIONS = (
					"DEBUG=1",
					"$(inherited)",
				);
				GCC_WARN_64_TO_32_BIT_CONVERSION = YES;
				GCC_WARN_ABOUT_RETURN_TYPE = YES_ERROR;
				GCC_WARN_UNDECLARED_SELECTOR = YES;
				GCC_WARN_UNINITIALIZED_AUTOS = YES_AGGRESSIVE;
				GCC_WARN_UNUSED_FUNCTION = YES;
				GCC_WARN_UNUSED_VARIABLE = YES;
				IPHONEOS_DEPLOYMENT_TARGET = 17.0;
				LOCALIZATION_PREFERS_STRING_CATALOGS = YES;
				MTL_ENABLE_DEBUG_INFO = INCLUDE_SOURCE;
				MTL_FAST_MATH = YES;
				ONLY_ACTIVE_ARCH = YES;
				SDKROOT = iphoneos;
				SWIFT_ACTIVE_COMPILATION_CONDITIONS = "DEBUG $(inherited)";
				SWIFT_OPTIMIZATION_LEVEL = "-Onone";
			};
			name = Debug;
		};
		3782DAE42C04DF6F00DFDEA3 /* Release */ = {
			isa = XCBuildConfiguration;
			buildSettings = {
				ALWAYS_SEARCH_USER_PATHS = NO;
				ASSETCATALOG_COMPILER_GENERATE_SWIFT_ASSET_SYMBOL_EXTENSIONS = YES;
				CLANG_ANALYZER_NONNULL = YES;
				CLANG_ANALYZER_NUMBER_OBJECT_CONVERSION = YES_AGGRESSIVE;
				CLANG_CXX_LANGUAGE_STANDARD = "gnu++20";
				CLANG_ENABLE_MODULES = YES;
				CLANG_ENABLE_OBJC_ARC = YES;
				CLANG_ENABLE_OBJC_WEAK = YES;
				CLANG_WARN_BLOCK_CAPTURE_AUTORELEASING = YES;
				CLANG_WARN_BOOL_CONVERSION = YES;
				CLANG_WARN_COMMA = YES;
				CLANG_WARN_CONSTANT_CONVERSION = YES;
				CLANG_WARN_DEPRECATED_OBJC_IMPLEMENTATIONS = YES;
				CLANG_WARN_DIRECT_OBJC_ISA_USAGE = YES_ERROR;
				CLANG_WARN_DOCUMENTATION_COMMENTS = YES;
				CLANG_WARN_EMPTY_BODY = YES;
				CLANG_WARN_ENUM_CONVERSION = YES;
				CLANG_WARN_INFINITE_RECURSION = YES;
				CLANG_WARN_INT_CONVERSION = YES;
				CLANG_WARN_NON_LITERAL_NULL_CONVERSION = YES;
				CLANG_WARN_OBJC_IMPLICIT_RETAIN_SELF = YES;
				CLANG_WARN_OBJC_LITERAL_CONVERSION = YES;
				CLANG_WARN_OBJC_ROOT_CLASS = YES_ERROR;
				CLANG_WARN_QUOTED_INCLUDE_IN_FRAMEWORK_HEADER = YES;
				CLANG_WARN_RANGE_LOOP_ANALYSIS = YES;
				CLANG_WARN_STRICT_PROTOTYPES = YES;
				CLANG_WARN_SUSPICIOUS_MOVE = YES;
				CLANG_WARN_UNGUARDED_AVAILABILITY = YES_AGGRESSIVE;
				CLANG_WARN_UNREACHABLE_CODE = YES;
				CLANG_WARN__DUPLICATE_METHOD_MATCH = YES;
				COPY_PHASE_STRIP = NO;
				DEBUG_INFORMATION_FORMAT = "dwarf-with-dsym";
				ENABLE_NS_ASSERTIONS = NO;
				ENABLE_STRICT_OBJC_MSGSEND = YES;
				ENABLE_USER_SCRIPT_SANDBOXING = YES;
				GCC_C_LANGUAGE_STANDARD = gnu17;
				GCC_NO_COMMON_BLOCKS = YES;
				GCC_WARN_64_TO_32_BIT_CONVERSION = YES;
				GCC_WARN_ABOUT_RETURN_TYPE = YES_ERROR;
				GCC_WARN_UNDECLARED_SELECTOR = YES;
				GCC_WARN_UNINITIALIZED_AUTOS = YES_AGGRESSIVE;
				GCC_WARN_UNUSED_FUNCTION = YES;
				GCC_WARN_UNUSED_VARIABLE = YES;
				IPHONEOS_DEPLOYMENT_TARGET = 17.0;
				LOCALIZATION_PREFERS_STRING_CATALOGS = YES;
				MTL_ENABLE_DEBUG_INFO = NO;
				MTL_FAST_MATH = YES;
				SDKROOT = iphoneos;
				SWIFT_COMPILATION_MODE = wholemodule;
				VALIDATE_PRODUCT = YES;
			};
			name = Release;
		};
		3782DAE62C04DF6F00DFDEA3 /* Debug */ = {
			isa = XCBuildConfiguration;
			buildSettings = {
				ASSETCATALOG_COMPILER_APPICON_NAME = AppIcon;
				ASSETCATALOG_COMPILER_GLOBAL_ACCENT_COLOR_NAME = AccentColor;
				CODE_SIGN_STYLE = Automatic;
				CURRENT_PROJECT_VERSION = 1;
				DEVELOPMENT_ASSET_PATHS = "\"UI practic/Preview Content\"";
				ENABLE_PREVIEWS = YES;
				GENERATE_INFOPLIST_FILE = YES;
				INFOPLIST_KEY_UIApplicationSceneManifest_Generation = YES;
				INFOPLIST_KEY_UIApplicationSupportsIndirectInputEvents = YES;
				INFOPLIST_KEY_UILaunchScreen_Generation = YES;
				INFOPLIST_KEY_UISupportedInterfaceOrientations_iPad = "UIInterfaceOrientationPortrait UIInterfaceOrientationPortraitUpsideDown UIInterfaceOrientationLandscapeLeft UIInterfaceOrientationLandscapeRight";
				INFOPLIST_KEY_UISupportedInterfaceOrientations_iPhone = "UIInterfaceOrientationPortrait UIInterfaceOrientationLandscapeLeft UIInterfaceOrientationLandscapeRight";
				LD_RUNPATH_SEARCH_PATHS = (
					"$(inherited)",
					"@executable_path/Frameworks",
				);
				MARKETING_VERSION = 1.0;
				PRODUCT_BUNDLE_IDENTIFIER = "shaheen.UI-practic";
				PRODUCT_NAME = "$(TARGET_NAME)";
				SWIFT_EMIT_LOC_STRINGS = YES;
				SWIFT_VERSION = 5.0;
				TARGETED_DEVICE_FAMILY = "1,2";
			};
			name = Debug;
		};
		3782DAE72C04DF6F00DFDEA3 /* Release */ = {
			isa = XCBuildConfiguration;
			buildSettings = {
				ASSETCATALOG_COMPILER_APPICON_NAME = AppIcon;
				ASSETCATALOG_COMPILER_GLOBAL_ACCENT_COLOR_NAME = AccentColor;
				CODE_SIGN_STYLE = Automatic;
				CURRENT_PROJECT_VERSION = 1;
				DEVELOPMENT_ASSET_PATHS = "\"UI practic/Preview Content\"";
				ENABLE_PREVIEWS = YES;
				GENERATE_INFOPLIST_FILE = YES;
				INFOPLIST_KEY_UIApplicationSceneManifest_Generation = YES;
				INFOPLIST_KEY_UIApplicationSupportsIndirectInputEvents = YES;
				INFOPLIST_KEY_UILaunchScreen_Generation = YES;
				INFOPLIST_KEY_UISupportedInterfaceOrientations_iPad = "UIInterfaceOrientationPortrait UIInterfaceOrientationPortraitUpsideDown UIInterfaceOrientationLandscapeLeft UIInterfaceOrientationLandscapeRight";
				INFOPLIST_KEY_UISupportedInterfaceOrientations_iPhone = "UIInterfaceOrientationPortrait UIInterfaceOrientationLandscapeLeft UIInterfaceOrientationLandscapeRight";
				LD_RUNPATH_SEARCH_PATHS = (
					"$(inherited)",
					"@executable_path/Frameworks",
				);
				MARKETING_VERSION = 1.0;
				PRODUCT_BUNDLE_IDENTIFIER = "shaheen.UI-practic";
				PRODUCT_NAME = "$(TARGET_NAME)";
				SWIFT_EMIT_LOC_STRINGS = YES;
				SWIFT_VERSION = 5.0;
				TARGETED_DEVICE_FAMILY = "1,2";
			};
			name = Release;
		};
		3782DAE92C04DF6F00DFDEA3 /* Debug */ = {
			isa = XCBuildConfiguration;
			buildSettings = {
				ALWAYS_EMBED_SWIFT_STANDARD_LIBRARIES = YES;
				BUNDLE_LOADER = "$(TEST_HOST)";
				CODE_SIGN_STYLE = Automatic;
				CURRENT_PROJECT_VERSION = 1;
				GENERATE_INFOPLIST_FILE = YES;
				IPHONEOS_DEPLOYMENT_TARGET = 17.0;
				MARKETING_VERSION = 1.0;
				PRODUCT_BUNDLE_IDENTIFIER = "shaheen.UI-practicTests";
				PRODUCT_NAME = "$(TARGET_NAME)";
				SWIFT_EMIT_LOC_STRINGS = NO;
				SWIFT_VERSION = 5.0;
				TARGETED_DEVICE_FAMILY = "1,2";
				TEST_HOST = "$(BUILT_PRODUCTS_DIR)/UI practic.app/$(BUNDLE_EXECUTABLE_FOLDER_PATH)/UI practic";
			};
			name = Debug;
		};
		3782DAEA2C04DF6F00DFDEA3 /* Release */ = {
			isa = XCBuildConfiguration;
			buildSettings = {
				ALWAYS_EMBED_SWIFT_STANDARD_LIBRARIES = YES;
				BUNDLE_LOADER = "$(TEST_HOST)";
				CODE_SIGN_STYLE = Automatic;
				CURRENT_PROJECT_VERSION = 1;
				GENERATE_INFOPLIST_FILE = YES;
				IPHONEOS_DEPLOYMENT_TARGET = 17.0;
				MARKETING_VERSION = 1.0;
				PRODUCT_BUNDLE_IDENTIFIER = "shaheen.UI-practicTests";
				PRODUCT_NAME = "$(TARGET_NAME)";
				SWIFT_EMIT_LOC_STRINGS = NO;
				SWIFT_VERSION = 5.0;
				TARGETED_DEVICE_FAMILY = "1,2";
				TEST_HOST = "$(BUILT_PRODUCTS_DIR)/UI practic.app/$(BUNDLE_EXECUTABLE_FOLDER_PATH)/UI practic";
			};
			name = Release;
		};
		3782DAEC2C04DF6F00DFDEA3 /* Debug */ = {
			isa = XCBuildConfiguration;
			buildSettings = {
				ALWAYS_EMBED_SWIFT_STANDARD_LIBRARIES = YES;
				CODE_SIGN_STYLE = Automatic;
				CURRENT_PROJECT_VERSION = 1;
				GENERATE_INFOPLIST_FILE = YES;
				MARKETING_VERSION = 1.0;
				PRODUCT_BUNDLE_IDENTIFIER = "shaheen.UI-practicUITests";
				PRODUCT_NAME = "$(TARGET_NAME)";
				SWIFT_EMIT_LOC_STRINGS = NO;
				SWIFT_VERSION = 5.0;
				TARGETED_DEVICE_FAMILY = "1,2";
				TEST_TARGET_NAME = "UI practic";
			};
			name = Debug;
		};
		3782DAED2C04DF6F00DFDEA3 /* Release */ = {
			isa = XCBuildConfiguration;
			buildSettings = {
				ALWAYS_EMBED_SWIFT_STANDARD_LIBRARIES = YES;
				CODE_SIGN_STYLE = Automatic;
				CURRENT_PROJECT_VERSION = 1;
				GENERATE_INFOPLIST_FILE = YES;
				MARKETING_VERSION = 1.0;
				PRODUCT_BUNDLE_IDENTIFIER = "shaheen.UI-practicUITests";
				PRODUCT_NAME = "$(TARGET_NAME)";
				SWIFT_EMIT_LOC_STRINGS = NO;
				SWIFT_VERSION = 5.0;
				TARGETED_DEVICE_FAMILY = "1,2";
				TEST_TARGET_NAME = "UI practic";
			};
			name = Release;
		};
/* End XCBuildConfiguration section */

/* Begin XCConfigurationList section */
		3782DABC2C04DF6E00DFDEA3 /* Build configuration list for PBXProject "UI practic" */ = {
			isa = XCConfigurationList;
			buildConfigurations = (
				3782DAE32C04DF6F00DFDEA3 /* Debug */,
				3782DAE42C04DF6F00DFDEA3 /* Release */,
			);
			defaultConfigurationIsVisible = 0;
			defaultConfigurationName = Release;
		};
		3782DAE52C04DF6F00DFDEA3 /* Build configuration list for PBXNativeTarget "UI practic" */ = {
			isa = XCConfigurationList;
			buildConfigurations = (
				3782DAE62C04DF6F00DFDEA3 /* Debug */,
				3782DAE72C04DF6F00DFDEA3 /* Release */,
			);
			defaultConfigurationIsVisible = 0;
			defaultConfigurationName = Release;
		};
		3782DAE82C04DF6F00DFDEA3 /* Build configuration list for PBXNativeTarget "UI practicTests" */ = {
			isa = XCConfigurationList;
			buildConfigurations = (
				3782DAE92C04DF6F00DFDEA3 /* Debug */,
				3782DAEA2C04DF6F00DFDEA3 /* Release */,
			);
			defaultConfigurationIsVisible = 0;
			defaultConfigurationName = Release;
		};
		3782DAEB2C04DF6F00DFDEA3 /* Build configuration list for PBXNativeTarget "UI practicUITests" */ = {
			isa = XCConfigurationList;
			buildConfigurations = (
				3782DAEC2C04DF6F00DFDEA3 /* Debug */,
				3782DAED2C04DF6F00DFDEA3 /* Release */,
			);
			defaultConfigurationIsVisible = 0;
			defaultConfigurationName = Release;
		};
/* End XCConfigurationList section */
	};
	rootObject = 3782DAB92C04DF6E00DFDEA3 /* Project object */;
}
